// !$*UTF8*$!
{
	archiveVersion = 1;
	classes = {
	};
	objectVersion = 50;
	objects = {

/* Begin PBXBuildFile section */
		43230E93251B074D00ECC7A3 /* RulesVC.swift in Sources */ = {isa = PBXBuildFile; fileRef = 43230E92251B074D00ECC7A3 /* RulesVC.swift */; };
		43230E98251B12F000ECC7A3 /* CardDeck.swift in Sources */ = {isa = PBXBuildFile; fileRef = 43230E97251B12F000ECC7A3 /* CardDeck.swift */; };
		43432869251AEBFE0080C8B3 /* AppDelegate.swift in Sources */ = {isa = PBXBuildFile; fileRef = 43432868251AEBFE0080C8B3 /* AppDelegate.swift */; };
		4343286B251AEBFE0080C8B3 /* SceneDelegate.swift in Sources */ = {isa = PBXBuildFile; fileRef = 4343286A251AEBFE0080C8B3 /* SceneDelegate.swift */; };
		43432872251AEC000080C8B3 /* Assets.xcassets in Resources */ = {isa = PBXBuildFile; fileRef = 43432871251AEC000080C8B3 /* Assets.xcassets */; };
		43432875251AEC000080C8B3 /* LaunchScreen.storyboard in Resources */ = {isa = PBXBuildFile; fileRef = 43432873251AEC000080C8B3 /* LaunchScreen.storyboard */; };
		43432885251AEDAC0080C8B3 /* CardSelectionVC.swift in Sources */ = {isa = PBXBuildFile; fileRef = 43432884251AEDAC0080C8B3 /* CardSelectionVC.swift */; };
		43432889251AF0A40080C8B3 /* CWButton.swift in Sources */ = {isa = PBXBuildFile; fileRef = 43432888251AF0A40080C8B3 /* CWButton.swift */; };
		439DD85F25205DB70057D319 /* CWImage.swift in Sources */ = {isa = PBXBuildFile; fileRef = 439DD85E25205DB70057D319 /* CWImage.swift */; };
/* End PBXBuildFile section */

/* Begin PBXFileReference section */
		43230E92251B074D00ECC7A3 /* RulesVC.swift */ = {isa = PBXFileReference; lastKnownFileType = sourcecode.swift; path = RulesVC.swift; sourceTree = "<group>"; };
		43230E97251B12F000ECC7A3 /* CardDeck.swift */ = {isa = PBXFileReference; lastKnownFileType = sourcecode.swift; path = CardDeck.swift; sourceTree = "<group>"; };
		43432865251AEBFE0080C8B3 /* WorkCard.app */ = {isa = PBXFileReference; explicitFileType = wrapper.application; includeInIndex = 0; path = WorkCard.app; sourceTree = BUILT_PRODUCTS_DIR; };
		43432868251AEBFE0080C8B3 /* AppDelegate.swift */ = {isa = PBXFileReference; lastKnownFileType = sourcecode.swift; path = AppDelegate.swift; sourceTree = "<group>"; };
		4343286A251AEBFE0080C8B3 /* SceneDelegate.swift */ = {isa = PBXFileReference; lastKnownFileType = sourcecode.swift; path = SceneDelegate.swift; sourceTree = "<group>"; };
		43432871251AEC000080C8B3 /* Assets.xcassets */ = {isa = PBXFileReference; lastKnownFileType = folder.assetcatalog; path = Assets.xcassets; sourceTree = "<group>"; };
		43432874251AEC000080C8B3 /* Base */ = {isa = PBXFileReference; lastKnownFileType = file.storyboard; name = Base; path = Base.lproj/LaunchScreen.storyboard; sourceTree = "<group>"; };
		43432876251AEC000080C8B3 /* Info.plist */ = {isa = PBXFileReference; lastKnownFileType = text.plist.xml; path = Info.plist; sourceTree = "<group>"; };
		43432884251AEDAC0080C8B3 /* CardSelectionVC.swift */ = {isa = PBXFileReference; lastKnownFileType = sourcecode.swift; path = CardSelectionVC.swift; sourceTree = "<group>"; };
		43432888251AF0A40080C8B3 /* CWButton.swift */ = {isa = PBXFileReference; lastKnownFileType = sourcecode.swift; path = CWButton.swift; sourceTree = "<group>"; };
		439DD85E25205DB70057D319 /* CWImage.swift */ = {isa = PBXFileReference; lastKnownFileType = sourcecode.swift; path = CWImage.swift; sourceTree = "<group>"; };
/* End PBXFileReference section */

/* Begin PBXFrameworksBuildPhase section */
		43432862251AEBFE0080C8B3 /* Frameworks */ = {
			isa = PBXFrameworksBuildPhase;
			buildActionMask = 2147483647;
			files = (
			);
			runOnlyForDeploymentPostprocessing = 0;
		};
/* End PBXFrameworksBuildPhase section */

/* Begin PBXGroup section */
		4343285C251AEBFE0080C8B3 = {
			isa = PBXGroup;
			children = (
				43432867251AEBFE0080C8B3 /* WorkCard */,
				43432866251AEBFE0080C8B3 /* Products */,
			);
			sourceTree = "<group>";
		};
		43432866251AEBFE0080C8B3 /* Products */ = {
			isa = PBXGroup;
			children = (
				43432865251AEBFE0080C8B3 /* WorkCard.app */,
			);
			name = Products;
			sourceTree = "<group>";
		};
		43432867251AEBFE0080C8B3 /* WorkCard */ = {
			isa = PBXGroup;
			children = (
				43432868251AEBFE0080C8B3 /* AppDelegate.swift */,
				4343286A251AEBFE0080C8B3 /* SceneDelegate.swift */,
				43432884251AEDAC0080C8B3 /* CardSelectionVC.swift */,
				43230E97251B12F000ECC7A3 /* CardDeck.swift */,
				43432888251AF0A40080C8B3 /* CWButton.swift */,
				43230E92251B074D00ECC7A3 /* RulesVC.swift */,
				43432871251AEC000080C8B3 /* Assets.xcassets */,
				43432873251AEC000080C8B3 /* LaunchScreen.storyboard */,
				43432876251AEC000080C8B3 /* Info.plist */,
				439DD85E25205DB70057D319 /* CWImage.swift */,
			);
			path = WorkCard;
			sourceTree = "<group>";
		};
/* End PBXGroup section */

/* Begin PBXNativeTarget section */
		43432864251AEBFE0080C8B3 /* WorkCard */ = {
			isa = PBXNativeTarget;
			buildConfigurationList = 43432879251AEC000080C8B3 /* Build configuration list for PBXNativeTarget "WorkCard" */;
			buildPhases = (
				43432861251AEBFE0080C8B3 /* Sources */,
				43432862251AEBFE0080C8B3 /* Frameworks */,
				43432863251AEBFE0080C8B3 /* Resources */,
			);
			buildRules = (
			);
			dependencies = (
			);
			name = WorkCard;
			productName = WorkCard;
			productReference = 43432865251AEBFE0080C8B3 /* WorkCard.app */;
			productType = "com.apple.product-type.application";
		};
/* End PBXNativeTarget section */

/* Begin PBXProject section */
		4343285D251AEBFE0080C8B3 /* Project object */ = {
			isa = PBXProject;
			attributes = {
				LastSwiftUpdateCheck = 1200;
				LastUpgradeCheck = 1200;
				TargetAttributes = {
					43432864251AEBFE0080C8B3 = {
						CreatedOnToolsVersion = 12.0;
					};
				};
			};
			buildConfigurationList = 43432860251AEBFE0080C8B3 /* Build configuration list for PBXProject "WorkCard" */;
			compatibilityVersion = "Xcode 9.3";
			developmentRegion = en;
			hasScannedForEncodings = 0;
			knownRegions = (
				en,
				Base,
			);
			mainGroup = 4343285C251AEBFE0080C8B3;
			productRefGroup = 43432866251AEBFE0080C8B3 /* Products */;
			projectDirPath = "";
			projectRoot = "";
			targets = (
				43432864251AEBFE0080C8B3 /* WorkCard */,
			);
		};
/* End PBXProject section */

/* Begin PBXResourcesBuildPhase section */
		43432863251AEBFE0080C8B3 /* Resources */ = {
			isa = PBXResourcesBuildPhase;
			buildActionMask = 2147483647;
			files = (
				43432875251AEC000080C8B3 /* LaunchScreen.storyboard in Resources */,
				43432872251AEC000080C8B3 /* Assets.xcassets in Resources */,
			);
			runOnlyForDeploymentPostprocessing = 0;
		};
/* End PBXResourcesBuildPhase section */

/* Begin PBXSourcesBuildPhase section */
		43432861251AEBFE0080C8B3 /* Sources */ = {
			isa = PBXSourcesBuildPhase;
			buildActionMask = 2147483647;
			files = (
				43230E98251B12F000ECC7A3 /* CardDeck.swift in Sources */,
				43432885251AEDAC0080C8B3 /* CardSelectionVC.swift in Sources */,
				43230E93251B074D00ECC7A3 /* RulesVC.swift in Sources */,
				43432869251AEBFE0080C8B3 /* AppDelegate.swift in Sources */,
				4343286B251AEBFE0080C8B3 /* SceneDelegate.swift in Sources */,
				43432889251AF0A40080C8B3 /* CWButton.swift in Sources */,
				439DD85F25205DB70057D319 /* CWImage.swift in Sources */,
			);
			runOnlyForDeploymentPostprocessing = 0;
		};
/* End PBXSourcesBuildPhase section */

/* Begin PBXVariantGroup section */
		43432873251AEC000080C8B3 /* LaunchScreen.storyboard */ = {
			isa = PBXVariantGroup;
			children = (
				43432874251AEC000080C8B3 /* Base */,
			);
			name = LaunchScreen.storyboard;
			sourceTree = "<group>";
		};
/* End PBXVariantGroup section */

/* Begin XCBuildConfiguration section */
		43432877251AEC000080C8B3 /* Debug */ = {
			isa = XCBuildConfiguration;
			buildSettings = {
				ALWAYS_SEARCH_USER_PATHS = NO;
				CLANG_ANALYZER_NONNULL = YES;
				CLANG_ANALYZER_NUMBER_OBJECT_CONVERSION = YES_AGGRESSIVE;
				CLANG_CXX_LANGUAGE_STANDARD = "gnu++14";
				CLANG_CXX_LIBRARY = "libc++";
				CLANG_ENABLE_MODULES = YES;
				CLANG_ENABLE_OBJC_ARC = YES;
				CLANG_ENABLE_OBJC_WEAK = YES;
				CLANG_WARN_BLOCK_CAPTURE_AUTORELEASING = YES;
				CLANG_WARN_BOOL_CONVERSION = YES;
				CLANG_WARN_COMMA = YES;
				CLANG_WARN_CONSTANT_CONVERSION = YES;
				CLANG_WARN_DEPRECATED_OBJC_IMPLEMENTATIONS = YES;
				CLANG_WARN_DIRECT_OBJC_ISA_USAGE = YES_ERROR;
				CLANG_WARN_DOCUMENTATION_COMMENTS = YES;
				CLANG_WARN_EMPTY_BODY = YES;
				CLANG_WARN_ENUM_CONVERSION = YES;
				CLANG_WARN_INFINITE_RECURSION = YES;
				CLANG_WARN_INT_CONVERSION = YES;
				CLANG_WARN_NON_LITERAL_NULL_CONVERSION = YES;
				CLANG_WARN_OBJC_IMPLICIT_RETAIN_SELF = YES;
				CLANG_WARN_OBJC_LITERAL_CONVERSION = YES;
				CLANG_WARN_OBJC_ROOT_CLASS = YES_ERROR;
				CLANG_WARN_QUOTED_INCLUDE_IN_FRAMEWORK_HEADER = YES;
				CLANG_WARN_RANGE_LOOP_ANALYSIS = YES;
				CLANG_WARN_STRICT_PROTOTYPES = YES;
				CLANG_WARN_SUSPICIOUS_MOVE = YES;
				CLANG_WARN_UNGUARDED_AVAILABILITY = YES_AGGRESSIVE;
				CLANG_WARN_UNREACHABLE_CODE = YES;
				CLANG_WARN__DUPLICATE_METHOD_MATCH = YES;
				COPY_PHASE_STRIP = NO;
				DEBUG_INFORMATION_FORMAT = dwarf;
				ENABLE_STRICT_OBJC_MSGSEND = YES;
				ENABLE_TESTABILITY = YES;
				GCC_C_LANGUAGE_STANDARD = gnu11;
				GCC_DYNAMIC_NO_PIC = NO;
				GCC_NO_COMMON_BLOCKS = YES;
				GCC_OPTIMIZATION_LEVEL = 0;
				GCC_PREPROCESSOR_DEFINITIONS = (
					"DEBUG=1",
					"$(inherited)",
				);
				GCC_WARN_64_TO_32_BIT_CONVERSION = YES;
				GCC_WARN_ABOUT_RETURN_TYPE = YES_ERROR;
				GCC_WARN_UNDECLARED_SELECTOR = YES;
				GCC_WARN_UNINITIALIZED_AUTOS = YES_AGGRESSIVE;
				GCC_WARN_UNUSED_FUNCTION = YES;
				GCC_WARN_UNUSED_VARIABLE = YES;
				IPHONEOS_DEPLOYMENT_TARGET = 14.0;
				MTL_ENABLE_DEBUG_INFO = INCLUDE_SOURCE;
				MTL_FAST_MATH = YES;
				ONLY_ACTIVE_ARCH = YES;
				SDKROOT = iphoneos;
				SWIFT_ACTIVE_COMPILATION_CONDITIONS = DEBUG;
				SWIFT_OPTIMIZATION_LEVEL = "-Onone";
			};
			name = Debug;
		};
		43432878251AEC000080C8B3 /* Release */ = {
			isa = XCBuildConfiguration;
			buildSettings = {
				ALWAYS_SEARCH_USER_PATHS = NO;
				CLANG_ANALYZER_NONNULL = YES;
				CLANG_ANALYZER_NUMBER_OBJECT_CONVERSION = YES_AGGRESSIVE;
				CLANG_CXX_LANGUAGE_STANDARD = "gnu++14";
				CLANG_CXX_LIBRARY = "libc++";
				CLANG_ENABLE_MODULES = YES;
				CLANG_ENABLE_OBJC_ARC = YES;
				CLANG_ENABLE_OBJC_WEAK = YES;
				CLANG_WARN_BLOCK_CAPTURE_AUTORELEASING = YES;
				CLANG_WARN_BOOL_CONVERSION = YES;
				CLANG_WARN_COMMA = YES;
				CLANG_WARN_CONSTANT_CONVERSION = YES;
				CLANG_WARN_DEPRECATED_OBJC_IMPLEMENTATIONS = YES;
				CLANG_WARN_DIRECT_OBJC_ISA_USAGE = YES_ERROR;
				CLANG_WARN_DOCUMENTATION_COMMENTS = YES;
				CLANG_WARN_EMPTY_BODY = YES;
				CLANG_WARN_ENUM_CONVERSION = YES;
				CLANG_WARN_INFINITE_RECURSION = YES;
				CLANG_WARN_INT_CONVERSION = YES;
				CLANG_WARN_NON_LITERAL_NULL_CONVERSION = YES;
				CLANG_WARN_OBJC_IMPLICIT_RETAIN_SELF = YES;
				CLANG_WARN_OBJC_LITERAL_CONVERSION = YES;
				CLANG_WARN_OBJC_ROOT_CLASS = YES_ERROR;
				CLANG_WARN_QUOTED_INCLUDE_IN_FRAMEWORK_HEADER = YES;
				CLANG_WARN_RANGE_LOOP_ANALYSIS = YES;
				CLANG_WARN_STRICT_PROTOTYPES = YES;
				CLANG_WARN_SUSPICIOUS_MOVE = YES;
				CLANG_WARN_UNGUARDED_AVAILABILITY = YES_AGGRESSIVE;
				CLANG_WARN_UNREACHABLE_CODE = YES;
				CLANG_WARN__DUPLICATE_METHOD_MATCH = YES;
				COPY_PHASE_STRIP = NO;
				DEBUG_INFORMATION_FORMAT = "dwarf-with-dsym";
				ENABLE_NS_ASSERTIONS = NO;
				ENABLE_STRICT_OBJC_MSGSEND = YES;
				GCC_C_LANGUAGE_STANDARD = gnu11;
				GCC_NO_COMMON_BLOCKS = YES;
				GCC_WARN_64_TO_32_BIT_CONVERSION = YES;
				GCC_WARN_ABOUT_RETURN_TYPE = YES_ERROR;
				GCC_WARN_UNDECLARED_SELECTOR = YES;
				GCC_WARN_UNINITIALIZED_AUTOS = YES_AGGRESSIVE;
				GCC_WARN_UNUSED_FUNCTION = YES;
				GCC_WARN_UNUSED_VARIABLE = YES;
				IPHONEOS_DEPLOYMENT_TARGET = 14.0;
				MTL_ENABLE_DEBUG_INFO = NO;
				MTL_FAST_MATH = YES;
				SDKROOT = iphoneos;
				SWIFT_COMPILATION_MODE = wholemodule;
				SWIFT_OPTIMIZATION_LEVEL = "-O";
				VALIDATE_PRODUCT = YES;
			};
			name = Release;
		};
		4343287A251AEC000080C8B3 /* Debug */ = {
			isa = XCBuildConfiguration;
			buildSettings = {
				ASSETCATALOG_COMPILER_APPICON_NAME = AppIcon;
				ASSETCATALOG_COMPILER_GLOBAL_ACCENT_COLOR_NAME = AccentColor;
				CODE_SIGN_STYLE = Automatic;
				DEVELOPMENT_TEAM = 88UZ84VZEF;
				INFOPLIST_FILE = WorkCard/Info.plist;
				LD_RUNPATH_SEARCH_PATHS = (
					"$(inherited)",
					"@executable_path/Frameworks",
				);
				PRODUCT_BUNDLE_IDENTIFIER = com.denvercoder.WorkCard;
				PRODUCT_NAME = "$(TARGET_NAME)";
				SWIFT_VERSION = 5.0;
				TARGETED_DEVICE_FAMILY = 1;
			};
			name = Debug;
		};
		4343287B251AEC000080C8B3 /* Release */ = {
			isa = XCBuildConfiguration;
			buildSettings = {
				ASSETCATALOG_COMPILER_APPICON_NAME = AppIcon;
				ASSETCATALOG_COMPILER_GLOBAL_ACCENT_COLOR_NAME = AccentColor;
				CODE_SIGN_STYLE = Automatic;
				DEVELOPMENT_TEAM = 88UZ84VZEF;
				INFOPLIST_FILE = WorkCard/Info.plist;
				LD_RUNPATH_SEARCH_PATHS = (
					"$(inherited)",
					"@executable_path/Frameworks",
				);
				PRODUCT_BUNDLE_IDENTIFIER = com.denvercoder.WorkCard;
				PRODUCT_NAME = "$(TARGET_NAME)";
				SWIFT_VERSION = 5.0;
				TARGETED_DEVICE_FAMILY = 1;
			};
			name = Release;
		};
/* End XCBuildConfiguration section */

/* Begin XCConfigurationList section */
		43432860251AEBFE0080C8B3 /* Build configuration list for PBXProject "WorkCard" */ = {
			isa = XCConfigurationList;
			buildConfigurations = (
				43432877251AEC000080C8B3 /* Debug */,
				43432878251AEC000080C8B3 /* Release */,
			);
			defaultConfigurationIsVisible = 0;
			defaultConfigurationName = Release;
		};
		43432879251AEC000080C8B3 /* Build configuration list for PBXNativeTarget "WorkCard" */ = {
			isa = XCConfigurationList;
			buildConfigurations = (
				4343287A251AEC000080C8B3 /* Debug */,
				4343287B251AEC000080C8B3 /* Release */,
			);
			defaultConfigurationIsVisible = 0;
			defaultConfigurationName = Release;
		};
/* End XCConfigurationList section */
	};
	rootObject = 4343285D251AEBFE0080C8B3 /* Project object */;
}
